Microsoft Visual Studio Solution File, Format Version 12.00
# Visual Studio Version 17
VisualStudioVersion = 17.10.35004.147
MinimumVisualStudioVersion = 10.0.40219.1
Project("{9A19103F-16F7-4668-BE54-9A1E7A4F7556}") = "RingBuffer", "RingBuffer\RingBuffer.csproj", "{AF3C794B-19B2-4CF1-B9C0-24AB8182A476}"
EndProject
Project("{9A19103F-16F7-4668-BE54-9A1E7A4F7556}") = "RingBufferConsole", "RingBufferConsole\RingBufferConsole.csproj", "{DB18D87B-0599-45BB-A11D-65F34D50209A}"
EndProject
Global
	GlobalSection(ExtensibilityGlobals) = postSolution
		SolutionGuid = {27748ED9-D27E-4AF7-9A98-742B0AC98289}
	EndGlobalSection
	GlobalSection(ProjectConfigurationPlatforms) = postSolution
		{AF3C794B-19B2-4CF1-B9C0-24AB8182A476}.Debug|Any CPU.ActiveCfg = Debug|Any CPU
		{AF3C794B-19B2-4CF1-B9C0-24AB8182A476}.Debug|Any CPU.Build.0 = Debug|Any CPU
		{AF3C794B-19B2-4CF1-B9C0-24AB8182A476}.Release|Any CPU.ActiveCfg = Release|Any CPU
		{AF3C794B-19B2-4CF1-B9C0-24AB8182A476}.Release|Any CPU.Build.0 = Release|Any CPU
		{DB18D87B-0599-45BB-A11D-65F34D50209A}.Debug|Any CPU.ActiveCfg = Debug|Any CPU
		{DB18D87B-0599-45BB-A11D-65F34D50209A}.Debug|Any CPU.Build.0 = Debug|Any CPU
		{DB18D87B-0599-45BB-A11D-65F34D50209A}.Release|Any CPU.ActiveCfg = Release|Any CPU
		{DB18D87B-0599-45BB-A11D-65F34D50209A}.Release|Any CPU.Build.0 = Release|Any CPU
	EndGlobalSection
	GlobalSection(SolutionConfigurationPlatforms) = preSolution
		Debug|Any CPU = Debug|Any CPU
		Release|Any CPU = Release|Any CPU
	EndGlobalSection
	GlobalSection(SolutionProperties) = preSolution
		HideSolutionNode = FALSE
	EndGlobalSection
EndGlobal
